Microsoft Visual Studio Solution File, Format Version 12.00
# Visual Studio 2012
Project("{FAE04EC0-301F-11D3-BF4B-00C04F79EFBC}") = "Kyles Weird Adventure", "Kyles Weird Adventure.csproj", "{5D2A55AE-2E13-4C0F-806D-D4CF8AD24A7F}"
EndProject
Global
	GlobalSection(SolutionConfigurationPlatforms) = preSolution
	Debug|Any CPU = Debug|Any CPU
	ExportDebug|Any CPU = ExportDebug|Any CPU
	ExportRelease|Any CPU = ExportRelease|Any CPU
	EndGlobalSection
	GlobalSection(ProjectConfigurationPlatforms) = postSolution
		{5D2A55AE-2E13-4C0F-806D-D4CF8AD24A7F}.Debug|Any CPU.ActiveCfg = Debug|Any CPU
		{5D2A55AE-2E13-4C0F-806D-D4CF8AD24A7F}.Debug|Any CPU.Build.0 = Debug|Any CPU
		{5D2A55AE-2E13-4C0F-806D-D4CF8AD24A7F}.ExportDebug|Any CPU.ActiveCfg = ExportDebug|Any CPU
		{5D2A55AE-2E13-4C0F-806D-D4CF8AD24A7F}.ExportDebug|Any CPU.Build.0 = ExportDebug|Any CPU
		{5D2A55AE-2E13-4C0F-806D-D4CF8AD24A7F}.ExportRelease|Any CPU.ActiveCfg = ExportRelease|Any CPU
		{5D2A55AE-2E13-4C0F-806D-D4CF8AD24A7F}.ExportRelease|Any CPU.Build.0 = ExportRelease|Any CPU
	EndGlobalSection
EndGlobal
